
Microsoft Visual Studio Solution File, Format Version 12.00
# Visual Studio Version 17
VisualStudioVersion = 17.11.35327.3
MinimumVisualStudioVersion = 10.0.40219.1
Project("{FAE04EC0-301F-11D3-BF4B-00C04F79EFBC}") = "logica02", "logica02\logica02.csproj", "{21D0AE92-6CA7-4037-B62F-4286758B4C31}"
EndProject
Global
	GlobalSection(SolutionConfigurationPlatforms) = preSolution
		Debug|Any CPU = Debug|Any CPU
		Release|Any CPU = Release|Any CPU
	EndGlobalSection
	GlobalSection(ProjectConfigurationPlatforms) = postSolution
		{21D0AE92-6CA7-4037-B62F-4286758B4C31}.Debug|Any CPU.ActiveCfg = Debug|Any CPU
		{21D0AE92-6CA7-4037-B62F-4286758B4C31}.Debug|Any CPU.Build.0 = Debug|Any CPU
		{21D0AE92-6CA7-4037-B62F-4286758B4C31}.Release|Any CPU.ActiveCfg = Release|Any CPU
		{21D0AE92-6CA7-4037-B62F-4286758B4C31}.Release|Any CPU.Build.0 = Release|Any CPU
	EndGlobalSection
	GlobalSection(SolutionProperties) = preSolution
		HideSolutionNode = FALSE
	EndGlobalSection
	GlobalSection(ExtensibilityGlobals) = postSolution
		SolutionGuid = {4FFC6153-4492-410D-B455-209D76F3E091}
	EndGlobalSection
EndGlobal
