
Microsoft Visual Studio Solution File, Format Version 12.00
# Visual Studio Version 17
VisualStudioVersion = 17.11.35327.3
MinimumVisualStudioVersion = 10.0.40219.1
Project("{FAE04EC0-301F-11D3-BF4B-00C04F79EFBC}") = "Logica03", "Logica03\Logica03.csproj", "{34DF392B-54EE-4071-B184-BD26F4433113}"
EndProject
Global
	GlobalSection(SolutionConfigurationPlatforms) = preSolution
		Debug|Any CPU = Debug|Any CPU
		Release|Any CPU = Release|Any CPU
	EndGlobalSection
	GlobalSection(ProjectConfigurationPlatforms) = postSolution
		{34DF392B-54EE-4071-B184-BD26F4433113}.Debug|Any CPU.ActiveCfg = Debug|Any CPU
		{34DF392B-54EE-4071-B184-BD26F4433113}.Debug|Any CPU.Build.0 = Debug|Any CPU
		{34DF392B-54EE-4071-B184-BD26F4433113}.Release|Any CPU.ActiveCfg = Release|Any CPU
		{34DF392B-54EE-4071-B184-BD26F4433113}.Release|Any CPU.Build.0 = Release|Any CPU
	EndGlobalSection
	GlobalSection(SolutionProperties) = preSolution
		HideSolutionNode = FALSE
	EndGlobalSection
	GlobalSection(ExtensibilityGlobals) = postSolution
		SolutionGuid = {7533E7A7-FBB0-4E79-B57C-A66A794B0A41}
	EndGlobalSection
EndGlobal
